{
  "name": "elm-sps-test-app",
  "version": "1.0.0",
  "lockfileVersion": 1,
  "requires": true,
  "dependencies": {
    "@spscommerce/test-package": {
      "version": "1.0.2",
      "resolved": "https://spscommerceinc.jfrog.io/spscommerceinc/api/npm/npm/@spscommerce/test-package/-/@spscommerce/test-package-1.0.2.tgz",
      "integrity": "sha1-5GcyE/wXfNbqZ7/gPqnSEd/xgqs="
    }
  }
}
